
Microsoft Visual Studio Solution File, Format Version 12.00
# Visual Studio Version 16
VisualStudioVersion = 16.0.32413.511
MinimumVisualStudioVersion = 10.0.40219.1
Project("{FAE04EC0-301F-11D3-BF4B-00C04F79EFBC}") = "Input", "Input.csproj", "{8449315D-413B-4451-9133-F9C8CD82E25F}"
EndProject
Global
	GlobalSection(SolutionConfigurationPlatforms) = preSolution
		Debug|Any CPU = Debug|Any CPU
		Release|Any CPU = Release|Any CPU
	EndGlobalSection
	GlobalSection(ProjectConfigurationPlatforms) = postSolution
		{8449315D-413B-4451-9133-F9C8CD82E25F}.Debug|Any CPU.ActiveCfg = Debug|Any CPU
		{8449315D-413B-4451-9133-F9C8CD82E25F}.Debug|Any CPU.Build.0 = Debug|Any CPU
		{8449315D-413B-4451-9133-F9C8CD82E25F}.Release|Any CPU.ActiveCfg = Release|Any CPU
		{8449315D-413B-4451-9133-F9C8CD82E25F}.Release|Any CPU.Build.0 = Release|Any CPU
	EndGlobalSection
	GlobalSection(SolutionProperties) = preSolution
		HideSolutionNode = FALSE
	EndGlobalSection
	GlobalSection(ExtensibilityGlobals) = postSolution
		SolutionGuid = {F62BCC87-BC87-470E-880D-4A045D317CF5}
	EndGlobalSection
EndGlobal
