
Microsoft Visual Studio Solution File, Format Version 12.00
# Visual Studio Version 16
VisualStudioVersion = 16.0.32413.511
MinimumVisualStudioVersion = 10.0.40219.1
Project("{FAE04EC0-301F-11D3-BF4B-00C04F79EFBC}") = "TechAcadStudentsMVC", "TechAcadStudentsMVC.csproj", "{13170453-5A91-4301-98C1-FC2372E05F74}"
EndProject
Global
	GlobalSection(SolutionConfigurationPlatforms) = preSolution
		Debug|Any CPU = Debug|Any CPU
		Release|Any CPU = Release|Any CPU
	EndGlobalSection
	GlobalSection(ProjectConfigurationPlatforms) = postSolution
		{13170453-5A91-4301-98C1-FC2372E05F74}.Debug|Any CPU.ActiveCfg = Debug|Any CPU
		{13170453-5A91-4301-98C1-FC2372E05F74}.Debug|Any CPU.Build.0 = Debug|Any CPU
		{13170453-5A91-4301-98C1-FC2372E05F74}.Release|Any CPU.ActiveCfg = Release|Any CPU
		{13170453-5A91-4301-98C1-FC2372E05F74}.Release|Any CPU.Build.0 = Release|Any CPU
	EndGlobalSection
	GlobalSection(SolutionProperties) = preSolution
		HideSolutionNode = FALSE
	EndGlobalSection
	GlobalSection(ExtensibilityGlobals) = postSolution
		SolutionGuid = {6AD44180-21E4-4B0A-A474-0EB14E6CD427}
	EndGlobalSection
EndGlobal
