
Microsoft Visual Studio Solution File, Format Version 12.00
# Visual Studio Version 16
VisualStudioVersion = 16.0.32413.511
MinimumVisualStudioVersion = 10.0.40219.1
Project("{FAE04EC0-301F-11D3-BF4B-00C04F79EFBC}") = "Methods_And_Objects", "Methods_And_Objects.csproj", "{E5F2615E-1DC6-46BF-BFD4-D0ABD2D7208D}"
EndProject
Global
	GlobalSection(SolutionConfigurationPlatforms) = preSolution
		Debug|Any CPU = Debug|Any CPU
		Release|Any CPU = Release|Any CPU
	EndGlobalSection
	GlobalSection(ProjectConfigurationPlatforms) = postSolution
		{E5F2615E-1DC6-46BF-BFD4-D0ABD2D7208D}.Debug|Any CPU.ActiveCfg = Debug|Any CPU
		{E5F2615E-1DC6-46BF-BFD4-D0ABD2D7208D}.Debug|Any CPU.Build.0 = Debug|Any CPU
		{E5F2615E-1DC6-46BF-BFD4-D0ABD2D7208D}.Release|Any CPU.ActiveCfg = Release|Any CPU
		{E5F2615E-1DC6-46BF-BFD4-D0ABD2D7208D}.Release|Any CPU.Build.0 = Release|Any CPU
	EndGlobalSection
	GlobalSection(SolutionProperties) = preSolution
		HideSolutionNode = FALSE
	EndGlobalSection
	GlobalSection(ExtensibilityGlobals) = postSolution
		SolutionGuid = {8747958B-E439-40F5-904B-0EF5953071D3}
	EndGlobalSection
EndGlobal
