
Microsoft Visual Studio Solution File, Format Version 12.00
# Visual Studio Version 16
VisualStudioVersion = 16.0.32413.511
MinimumVisualStudioVersion = 10.0.40219.1
Project("{FAE04EC0-301F-11D3-BF4B-00C04F79EFBC}") = "BlackJack", "BlackJack.csproj", "{416D9F23-8274-4D5C-8CA6-0F5DCF236778}"
EndProject
Global
	GlobalSection(SolutionConfigurationPlatforms) = preSolution
		Debug|Any CPU = Debug|Any CPU
		Release|Any CPU = Release|Any CPU
	EndGlobalSection
	GlobalSection(ProjectConfigurationPlatforms) = postSolution
		{416D9F23-8274-4D5C-8CA6-0F5DCF236778}.Debug|Any CPU.ActiveCfg = Debug|Any CPU
		{416D9F23-8274-4D5C-8CA6-0F5DCF236778}.Debug|Any CPU.Build.0 = Debug|Any CPU
		{416D9F23-8274-4D5C-8CA6-0F5DCF236778}.Release|Any CPU.ActiveCfg = Release|Any CPU
		{416D9F23-8274-4D5C-8CA6-0F5DCF236778}.Release|Any CPU.Build.0 = Release|Any CPU
	EndGlobalSection
	GlobalSection(SolutionProperties) = preSolution
		HideSolutionNode = FALSE
	EndGlobalSection
	GlobalSection(ExtensibilityGlobals) = postSolution
		SolutionGuid = {F1CDF879-1B3C-4851-BBFA-695EECD9963B}
	EndGlobalSection
EndGlobal
