
Microsoft Visual Studio Solution File, Format Version 12.00
# Visual Studio Version 16
VisualStudioVersion = 16.0.32413.511
MinimumVisualStudioVersion = 10.0.40219.1
Project("{FAE04EC0-301F-11D3-BF4B-00C04F79EFBC}") = "Strings_And_Integers", "Strings_And_Integers.csproj", "{D5A58144-5C41-4275-9B35-61D94236FDCC}"
EndProject
Global
	GlobalSection(SolutionConfigurationPlatforms) = preSolution
		Debug|Any CPU = Debug|Any CPU
		Release|Any CPU = Release|Any CPU
	EndGlobalSection
	GlobalSection(ProjectConfigurationPlatforms) = postSolution
		{D5A58144-5C41-4275-9B35-61D94236FDCC}.Debug|Any CPU.ActiveCfg = Debug|Any CPU
		{D5A58144-5C41-4275-9B35-61D94236FDCC}.Debug|Any CPU.Build.0 = Debug|Any CPU
		{D5A58144-5C41-4275-9B35-61D94236FDCC}.Release|Any CPU.ActiveCfg = Release|Any CPU
		{D5A58144-5C41-4275-9B35-61D94236FDCC}.Release|Any CPU.Build.0 = Release|Any CPU
	EndGlobalSection
	GlobalSection(SolutionProperties) = preSolution
		HideSolutionNode = FALSE
	EndGlobalSection
	GlobalSection(ExtensibilityGlobals) = postSolution
		SolutionGuid = {2A260873-3EDC-4B6B-BA63-5E4DF042E93A}
	EndGlobalSection
EndGlobal
